
Microsoft Visual Studio Solution File, Format Version 12.00
# Visual Studio 15
Project("{FAE04EC0-301F-11D3-BF4B-00C04F79EFBC}") = "Assembly-CSharp", "Assembly-CSharp.csproj", "{09DB555F-C879-AA53-544B-D1211D4A3516}"
EndProject
Project("{FAE04EC0-301F-11D3-BF4B-00C04F79EFBC}") = "Assembly-CSharp", "Assembly-CSharp.Player.csproj", "{A87D2CA7-D3E4-B54C-A657-BC8A05315C34}"
EndProject
Global
	GlobalSection(SolutionConfigurationPlatforms) = preSolution
		Debug|Any CPU = Debug|Any CPU
		Release|Any CPU = Release|Any CPU
	EndGlobalSection
	GlobalSection(ProjectConfigurationPlatforms) = postSolution
		{09DB555F-C879-AA53-544B-D1211D4A3516}.Debug|Any CPU.ActiveCfg = Debug|Any CPU
		{09DB555F-C879-AA53-544B-D1211D4A3516}.Debug|Any CPU.Build.0 = Debug|Any CPU
		{09DB555F-C879-AA53-544B-D1211D4A3516}.Release|Any CPU.ActiveCfg = Release|Any CPU
		{09DB555F-C879-AA53-544B-D1211D4A3516}.Release|Any CPU.Build.0 = Release|Any CPU
		{A87D2CA7-D3E4-B54C-A657-BC8A05315C34}.Debug|Any CPU.ActiveCfg = Debug|Any CPU
		{A87D2CA7-D3E4-B54C-A657-BC8A05315C34}.Debug|Any CPU.Build.0 = Debug|Any CPU
		{A87D2CA7-D3E4-B54C-A657-BC8A05315C34}.Release|Any CPU.ActiveCfg = Release|Any CPU
		{A87D2CA7-D3E4-B54C-A657-BC8A05315C34}.Release|Any CPU.Build.0 = Release|Any CPU
	EndGlobalSection
	GlobalSection(SolutionProperties) = preSolution
		HideSolutionNode = FALSE
	EndGlobalSection
EndGlobal
